
Microsoft Visual Studio Solution File, Format Version 12.00
# Visual Studio Version 17
VisualStudioVersion = 17.13.35825.156 d17.13
MinimumVisualStudioVersion = 10.0.40219.1
Project("{FAE04EC0-301F-11D3-BF4B-00C04F79EFBC}") = "AES", "AES\AES.csproj", "{7E918779-45F3-4030-A3CF-4B3F72D4870C}"
EndProject
Global
	GlobalSection(SolutionConfigurationPlatforms) = preSolution
		Debug|Any CPU = Debug|Any CPU
		Release|Any CPU = Release|Any CPU
	EndGlobalSection
	GlobalSection(ProjectConfigurationPlatforms) = postSolution
		{7E918779-45F3-4030-A3CF-4B3F72D4870C}.Debug|Any CPU.ActiveCfg = Debug|Any CPU
		{7E918779-45F3-4030-A3CF-4B3F72D4870C}.Debug|Any CPU.Build.0 = Debug|Any CPU
		{7E918779-45F3-4030-A3CF-4B3F72D4870C}.Release|Any CPU.ActiveCfg = Release|Any CPU
		{7E918779-45F3-4030-A3CF-4B3F72D4870C}.Release|Any CPU.Build.0 = Release|Any CPU
	EndGlobalSection
	GlobalSection(SolutionProperties) = preSolution
		HideSolutionNode = FALSE
	EndGlobalSection
	GlobalSection(ExtensibilityGlobals) = postSolution
		SolutionGuid = {C3AE295A-AC83-4176-AEC6-0ED2A2127CB6}
	EndGlobalSection
EndGlobal
